
Microsoft Visual Studio Solution File, Format Version 12.00
# Visual Studio 15
VisualStudioVersion = 15.0.26124.0
MinimumVisualStudioVersion = 15.0.26124.0
Project("{FAE04EC0-301F-11D3-BF4B-00C04F79EFBC}") = "University.Active.Manager", "University.Active.Manager\University.Active.Manager.csproj", "{D0755320-7070-4B86-BDCE-963363F11019}"
EndProject
Project("{FAE04EC0-301F-11D3-BF4B-00C04F79EFBC}") = "University.Active.Manager.Web", "University.Active.Manager.Web\University.Active.Manager.Web.csproj", "{FC8EF4E1-4029-4E36-89E0-F717FF03D9C9}"
EndProject
Project("{2150E333-8FDC-42A3-9474-1A3956D46DE8}") = "Api", "Api", "{09337859-E56E-4555-B0C3-3F6D78DF9496}"
EndProject
Project("{FAE04EC0-301F-11D3-BF4B-00C04F79EFBC}") = "University.Active.Manager.Contracts", "University.Active.Manager.Contracts\University.Active.Manager.Contracts.csproj", "{D6C80ECE-189D-4C95-8EAC-6D12199F09F0}"
EndProject
Project("{2150E333-8FDC-42A3-9474-1A3956D46DE8}") = "External", "External", "{968C6F3C-50D9-4493-A167-EA46133615D5}"
EndProject
Project("{FAE04EC0-301F-11D3-BF4B-00C04F79EFBC}") = "University.Active.Manager.Storage", "University.Active.Manager.Storage\University.Active.Manager.Storage.csproj", "{1620535C-E93F-49EA-B460-5E3E37CBC386}"
EndProject
Project("{2150E333-8FDC-42A3-9474-1A3956D46DE8}") = "Host", "Host", "{BEAD224E-57B9-4D58-AF0C-607105B78395}"
EndProject
Project("{2150E333-8FDC-42A3-9474-1A3956D46DE8}") = "Test", "Test", "{E699D700-635F-4C3A-8B1D-4EE4E8748FD7}"
EndProject
Project("{2150E333-8FDC-42A3-9474-1A3956D46DE8}") = "BL", "BL", "{BB0A40DC-8E86-4A40-BD1F-FDC39BC72605}"
EndProject
Project("{FAE04EC0-301F-11D3-BF4B-00C04F79EFBC}") = "University.Active.Manager.Test", "University.Active.Manager.Test\University.Active.Manager.Test.csproj", "{7FADC8E6-2F6A-45E8-B64E-3E34101F21A1}"
EndProject
Global
	GlobalSection(SolutionConfigurationPlatforms) = preSolution
		Debug|Any CPU = Debug|Any CPU
		Debug|x64 = Debug|x64
		Debug|x86 = Debug|x86
		Release|Any CPU = Release|Any CPU
		Release|x64 = Release|x64
		Release|x86 = Release|x86
	EndGlobalSection
	GlobalSection(SolutionProperties) = preSolution
		HideSolutionNode = FALSE
	EndGlobalSection
	GlobalSection(ProjectConfigurationPlatforms) = postSolution
		{D0755320-7070-4B86-BDCE-963363F11019}.Debug|Any CPU.ActiveCfg = Debug|Any CPU
		{D0755320-7070-4B86-BDCE-963363F11019}.Debug|Any CPU.Build.0 = Debug|Any CPU
		{D0755320-7070-4B86-BDCE-963363F11019}.Debug|x64.ActiveCfg = Debug|Any CPU
		{D0755320-7070-4B86-BDCE-963363F11019}.Debug|x64.Build.0 = Debug|Any CPU
		{D0755320-7070-4B86-BDCE-963363F11019}.Debug|x86.ActiveCfg = Debug|Any CPU
		{D0755320-7070-4B86-BDCE-963363F11019}.Debug|x86.Build.0 = Debug|Any CPU
		{D0755320-7070-4B86-BDCE-963363F11019}.Release|Any CPU.ActiveCfg = Release|Any CPU
		{D0755320-7070-4B86-BDCE-963363F11019}.Release|Any CPU.Build.0 = Release|Any CPU
		{D0755320-7070-4B86-BDCE-963363F11019}.Release|x64.ActiveCfg = Release|Any CPU
		{D0755320-7070-4B86-BDCE-963363F11019}.Release|x64.Build.0 = Release|Any CPU
		{D0755320-7070-4B86-BDCE-963363F11019}.Release|x86.ActiveCfg = Release|Any CPU
		{D0755320-7070-4B86-BDCE-963363F11019}.Release|x86.Build.0 = Release|Any CPU
		{FC8EF4E1-4029-4E36-89E0-F717FF03D9C9}.Debug|Any CPU.ActiveCfg = Debug|Any CPU
		{FC8EF4E1-4029-4E36-89E0-F717FF03D9C9}.Debug|Any CPU.Build.0 = Debug|Any CPU
		{FC8EF4E1-4029-4E36-89E0-F717FF03D9C9}.Debug|x64.ActiveCfg = Debug|Any CPU
		{FC8EF4E1-4029-4E36-89E0-F717FF03D9C9}.Debug|x64.Build.0 = Debug|Any CPU
		{FC8EF4E1-4029-4E36-89E0-F717FF03D9C9}.Debug|x86.ActiveCfg = Debug|Any CPU
		{FC8EF4E1-4029-4E36-89E0-F717FF03D9C9}.Debug|x86.Build.0 = Debug|Any CPU
		{FC8EF4E1-4029-4E36-89E0-F717FF03D9C9}.Release|Any CPU.ActiveCfg = Release|Any CPU
		{FC8EF4E1-4029-4E36-89E0-F717FF03D9C9}.Release|Any CPU.Build.0 = Release|Any CPU
		{FC8EF4E1-4029-4E36-89E0-F717FF03D9C9}.Release|x64.ActiveCfg = Release|Any CPU
		{FC8EF4E1-4029-4E36-89E0-F717FF03D9C9}.Release|x64.Build.0 = Release|Any CPU
		{FC8EF4E1-4029-4E36-89E0-F717FF03D9C9}.Release|x86.ActiveCfg = Release|Any CPU
		{FC8EF4E1-4029-4E36-89E0-F717FF03D9C9}.Release|x86.Build.0 = Release|Any CPU
		{D6C80ECE-189D-4C95-8EAC-6D12199F09F0}.Debug|Any CPU.ActiveCfg = Debug|Any CPU
		{D6C80ECE-189D-4C95-8EAC-6D12199F09F0}.Debug|Any CPU.Build.0 = Debug|Any CPU
		{D6C80ECE-189D-4C95-8EAC-6D12199F09F0}.Debug|x64.ActiveCfg = Debug|Any CPU
		{D6C80ECE-189D-4C95-8EAC-6D12199F09F0}.Debug|x64.Build.0 = Debug|Any CPU
		{D6C80ECE-189D-4C95-8EAC-6D12199F09F0}.Debug|x86.ActiveCfg = Debug|Any CPU
		{D6C80ECE-189D-4C95-8EAC-6D12199F09F0}.Debug|x86.Build.0 = Debug|Any CPU
		{D6C80ECE-189D-4C95-8EAC-6D12199F09F0}.Release|Any CPU.ActiveCfg = Release|Any CPU
		{D6C80ECE-189D-4C95-8EAC-6D12199F09F0}.Release|Any CPU.Build.0 = Release|Any CPU
		{D6C80ECE-189D-4C95-8EAC-6D12199F09F0}.Release|x64.ActiveCfg = Release|Any CPU
		{D6C80ECE-189D-4C95-8EAC-6D12199F09F0}.Release|x64.Build.0 = Release|Any CPU
		{D6C80ECE-189D-4C95-8EAC-6D12199F09F0}.Release|x86.ActiveCfg = Release|Any CPU
		{D6C80ECE-189D-4C95-8EAC-6D12199F09F0}.Release|x86.Build.0 = Release|Any CPU
		{1620535C-E93F-49EA-B460-5E3E37CBC386}.Debug|Any CPU.ActiveCfg = Debug|Any CPU
		{1620535C-E93F-49EA-B460-5E3E37CBC386}.Debug|Any CPU.Build.0 = Debug|Any CPU
		{1620535C-E93F-49EA-B460-5E3E37CBC386}.Debug|x64.ActiveCfg = Debug|Any CPU
		{1620535C-E93F-49EA-B460-5E3E37CBC386}.Debug|x64.Build.0 = Debug|Any CPU
		{1620535C-E93F-49EA-B460-5E3E37CBC386}.Debug|x86.ActiveCfg = Debug|Any CPU
		{1620535C-E93F-49EA-B460-5E3E37CBC386}.Debug|x86.Build.0 = Debug|Any CPU
		{1620535C-E93F-49EA-B460-5E3E37CBC386}.Release|Any CPU.ActiveCfg = Release|Any CPU
		{1620535C-E93F-49EA-B460-5E3E37CBC386}.Release|Any CPU.Build.0 = Release|Any CPU
		{1620535C-E93F-49EA-B460-5E3E37CBC386}.Release|x64.ActiveCfg = Release|Any CPU
		{1620535C-E93F-49EA-B460-5E3E37CBC386}.Release|x64.Build.0 = Release|Any CPU
		{1620535C-E93F-49EA-B460-5E3E37CBC386}.Release|x86.ActiveCfg = Release|Any CPU
		{1620535C-E93F-49EA-B460-5E3E37CBC386}.Release|x86.Build.0 = Release|Any CPU
		{7FADC8E6-2F6A-45E8-B64E-3E34101F21A1}.Debug|Any CPU.ActiveCfg = Debug|Any CPU
		{7FADC8E6-2F6A-45E8-B64E-3E34101F21A1}.Debug|Any CPU.Build.0 = Debug|Any CPU
		{7FADC8E6-2F6A-45E8-B64E-3E34101F21A1}.Debug|x64.ActiveCfg = Debug|Any CPU
		{7FADC8E6-2F6A-45E8-B64E-3E34101F21A1}.Debug|x64.Build.0 = Debug|Any CPU
		{7FADC8E6-2F6A-45E8-B64E-3E34101F21A1}.Debug|x86.ActiveCfg = Debug|Any CPU
		{7FADC8E6-2F6A-45E8-B64E-3E34101F21A1}.Debug|x86.Build.0 = Debug|Any CPU
		{7FADC8E6-2F6A-45E8-B64E-3E34101F21A1}.Release|Any CPU.ActiveCfg = Release|Any CPU
		{7FADC8E6-2F6A-45E8-B64E-3E34101F21A1}.Release|Any CPU.Build.0 = Release|Any CPU
		{7FADC8E6-2F6A-45E8-B64E-3E34101F21A1}.Release|x64.ActiveCfg = Release|Any CPU
		{7FADC8E6-2F6A-45E8-B64E-3E34101F21A1}.Release|x64.Build.0 = Release|Any CPU
		{7FADC8E6-2F6A-45E8-B64E-3E34101F21A1}.Release|x86.ActiveCfg = Release|Any CPU
		{7FADC8E6-2F6A-45E8-B64E-3E34101F21A1}.Release|x86.Build.0 = Release|Any CPU
	EndGlobalSection
	GlobalSection(NestedProjects) = preSolution
		{D6C80ECE-189D-4C95-8EAC-6D12199F09F0} = {09337859-E56E-4555-B0C3-3F6D78DF9496}
		{1620535C-E93F-49EA-B460-5E3E37CBC386} = {968C6F3C-50D9-4493-A167-EA46133615D5}
		{FC8EF4E1-4029-4E36-89E0-F717FF03D9C9} = {BEAD224E-57B9-4D58-AF0C-607105B78395}
		{D0755320-7070-4B86-BDCE-963363F11019} = {BB0A40DC-8E86-4A40-BD1F-FDC39BC72605}
		{7FADC8E6-2F6A-45E8-B64E-3E34101F21A1} = {E699D700-635F-4C3A-8B1D-4EE4E8748FD7}
	EndGlobalSection
EndGlobal
